com.bericotech:clavin:jar:1.0.0
org.apache.lucene:lucene-core:jar:4.0.0
org.apache.lucene:lucene-analyzers-common:jar:4.0.0
org.apache.lucene:lucene-queryparser:jar:4.0.0
org.apache.lucene:lucene-queries:jar:4.0.0
org.apache.lucene:lucene-sandbox:jar:4.0.0
jakarta-regexp:jakarta-regexp:jar:1.4
commons-io:commons-io:jar:2.0.1
org.slf4j:slf4j-api:jar:1.7.5
ch.qos.logback:logback-classic:jar:1.0.11
ch.qos.logback:logback-core:jar:1.0.11
org.apache.opennlp:opennlp-tools:jar:1.5.2-incubating
org.apache.opennlp:opennlp-maxent:jar:3.0.2-incubating
jwnl:jwnl:jar:1.3.3
